
Microsoft Visual Studio Solution File, Format Version 11.00
# Visual Studio 2010
Project("{FAE04EC0-301F-11D3-BF4B-00C04F79EFBC}") = "ventanaPass", "ventanaPass\ventanaPass.csproj", "{0C73D8AA-7167-472E-AF8C-1530D132B2BC}"
EndProject
Global
	GlobalSection(SolutionConfigurationPlatforms) = preSolution
		Debug|x86 = Debug|x86
		Release|x86 = Release|x86
	EndGlobalSection
	GlobalSection(ProjectConfigurationPlatforms) = postSolution
		{0C73D8AA-7167-472E-AF8C-1530D132B2BC}.Debug|x86.ActiveCfg = Debug|x86
		{0C73D8AA-7167-472E-AF8C-1530D132B2BC}.Debug|x86.Build.0 = Debug|x86
		{0C73D8AA-7167-472E-AF8C-1530D132B2BC}.Release|x86.ActiveCfg = Release|x86
		{0C73D8AA-7167-472E-AF8C-1530D132B2BC}.Release|x86.Build.0 = Release|x86
	EndGlobalSection
	GlobalSection(MonoDevelopProperties) = preSolution
		StartupItem = ventanaPass\ventanaPass.csproj
	EndGlobalSection
EndGlobal
